// !$*UTF8*$!
{
	archiveVersion = 1;
	classes = {
	};
	objectVersion = 55;
	objects = {

/* Begin PBXBuildFile section */
		74146E6F27D10262003D567B /* AppDelegate.swift in Sources */ = {isa = PBXBuildFile; fileRef = 74146E6E27D10262003D567B /* AppDelegate.swift */; };
		74146E7127D10262003D567B /* SceneDelegate.swift in Sources */ = {isa = PBXBuildFile; fileRef = 74146E7027D10262003D567B /* SceneDelegate.swift */; };
		74146E7327D10262003D567B /* ViewController.swift in Sources */ = {isa = PBXBuildFile; fileRef = 74146E7227D10262003D567B /* ViewController.swift */; };
		74146E7627D10262003D567B /* Main.storyboard in Resources */ = {isa = PBXBuildFile; fileRef = 74146E7427D10262003D567B /* Main.storyboard */; };
		74146E7827D10266003D567B /* Assets.xcassets in Resources */ = {isa = PBXBuildFile; fileRef = 74146E7727D10266003D567B /* Assets.xcassets */; };
		74146E7B27D10266003D567B /* LaunchScreen.storyboard in Resources */ = {isa = PBXBuildFile; fileRef = 74146E7927D10266003D567B /* LaunchScreen.storyboard */; };
		74146E8327D102AC003D567B /* MainCoordinator.swift in Sources */ = {isa = PBXBuildFile; fileRef = 74146E8227D102AC003D567B /* MainCoordinator.swift */; };
		74146E8927D10D99003D567B /* LoginFlowCoordinator.swift in Sources */ = {isa = PBXBuildFile; fileRef = 74146E8827D10D99003D567B /* LoginFlowCoordinator.swift */; };
		74146E8B27D10EF4003D567B /* CoordinatorDependencies.swift in Sources */ = {isa = PBXBuildFile; fileRef = 74146E8A27D10EF4003D567B /* CoordinatorDependencies.swift */; };
		74146E8F27D114F2003D567B /* RegistrationViewController.swift in Sources */ = {isa = PBXBuildFile; fileRef = 74146E8E27D114F2003D567B /* RegistrationViewController.swift */; };
		74146E9127D114FF003D567B /* SmsViewController.swift in Sources */ = {isa = PBXBuildFile; fileRef = 74146E9027D114FF003D567B /* SmsViewController.swift */; };
		74146E9327D11505003D567B /* PasswordViewController.swift in Sources */ = {isa = PBXBuildFile; fileRef = 74146E9227D11505003D567B /* PasswordViewController.swift */; };
		74146E9527D11553003D567B /* RegistrationFlowCoordinator.swift in Sources */ = {isa = PBXBuildFile; fileRef = 74146E9427D11553003D567B /* RegistrationFlowCoordinator.swift */; };
		74146E9A27D14B5F003D567B /* AlertsFactory.swift in Sources */ = {isa = PBXBuildFile; fileRef = 74146E9927D14B5F003D567B /* AlertsFactory.swift */; };
/* End PBXBuildFile section */

/* Begin PBXFileReference section */
		74146E6B27D10262003D567B /* TestCoordinators.app */ = {isa = PBXFileReference; explicitFileType = wrapper.application; includeInIndex = 0; path = TestCoordinators.app; sourceTree = BUILT_PRODUCTS_DIR; };
		74146E6E27D10262003D567B /* AppDelegate.swift */ = {isa = PBXFileReference; lastKnownFileType = sourcecode.swift; path = AppDelegate.swift; sourceTree = "<group>"; };
		74146E7027D10262003D567B /* SceneDelegate.swift */ = {isa = PBXFileReference; lastKnownFileType = sourcecode.swift; path = SceneDelegate.swift; sourceTree = "<group>"; };
		74146E7227D10262003D567B /* ViewController.swift */ = {isa = PBXFileReference; lastKnownFileType = sourcecode.swift; path = ViewController.swift; sourceTree = "<group>"; };
		74146E7527D10262003D567B /* Base */ = {isa = PBXFileReference; lastKnownFileType = file.storyboard; name = Base; path = Base.lproj/Main.storyboard; sourceTree = "<group>"; };
		74146E7727D10266003D567B /* Assets.xcassets */ = {isa = PBXFileReference; lastKnownFileType = folder.assetcatalog; path = Assets.xcassets; sourceTree = "<group>"; };
		74146E7A27D10266003D567B /* Base */ = {isa = PBXFileReference; lastKnownFileType = file.storyboard; name = Base; path = Base.lproj/LaunchScreen.storyboard; sourceTree = "<group>"; };
		74146E7C27D10266003D567B /* Info.plist */ = {isa = PBXFileReference; lastKnownFileType = text.plist.xml; path = Info.plist; sourceTree = "<group>"; };
		74146E8227D102AC003D567B /* MainCoordinator.swift */ = {isa = PBXFileReference; lastKnownFileType = sourcecode.swift; path = MainCoordinator.swift; sourceTree = "<group>"; };
		74146E8827D10D99003D567B /* LoginFlowCoordinator.swift */ = {isa = PBXFileReference; lastKnownFileType = sourcecode.swift; path = LoginFlowCoordinator.swift; sourceTree = "<group>"; };
		74146E8A27D10EF4003D567B /* CoordinatorDependencies.swift */ = {isa = PBXFileReference; lastKnownFileType = sourcecode.swift; path = CoordinatorDependencies.swift; sourceTree = "<group>"; };
		74146E8E27D114F2003D567B /* RegistrationViewController.swift */ = {isa = PBXFileReference; lastKnownFileType = sourcecode.swift; path = RegistrationViewController.swift; sourceTree = "<group>"; };
		74146E9027D114FF003D567B /* SmsViewController.swift */ = {isa = PBXFileReference; lastKnownFileType = sourcecode.swift; path = SmsViewController.swift; sourceTree = "<group>"; };
		74146E9227D11505003D567B /* PasswordViewController.swift */ = {isa = PBXFileReference; lastKnownFileType = sourcecode.swift; path = PasswordViewController.swift; sourceTree = "<group>"; };
		74146E9427D11553003D567B /* RegistrationFlowCoordinator.swift */ = {isa = PBXFileReference; lastKnownFileType = sourcecode.swift; path = RegistrationFlowCoordinator.swift; sourceTree = "<group>"; };
		74146E9927D14B5F003D567B /* AlertsFactory.swift */ = {isa = PBXFileReference; lastKnownFileType = sourcecode.swift; path = AlertsFactory.swift; sourceTree = "<group>"; };
/* End PBXFileReference section */

/* Begin PBXFrameworksBuildPhase section */
		74146E6827D10262003D567B /* Frameworks */ = {
			isa = PBXFrameworksBuildPhase;
			buildActionMask = 2147483647;
			files = (
			);
			runOnlyForDeploymentPostprocessing = 0;
		};
/* End PBXFrameworksBuildPhase section */

/* Begin PBXGroup section */
		74146E6227D10262003D567B = {
			isa = PBXGroup;
			children = (
				74146E6D27D10262003D567B /* TestCoordinators */,
				74146E6C27D10262003D567B /* Products */,
			);
			sourceTree = "<group>";
		};
		74146E6C27D10262003D567B /* Products */ = {
			isa = PBXGroup;
			children = (
				74146E6B27D10262003D567B /* TestCoordinators.app */,
			);
			name = Products;
			sourceTree = "<group>";
		};
		74146E6D27D10262003D567B /* TestCoordinators */ = {
			isa = PBXGroup;
			children = (
				74146E6E27D10262003D567B /* AppDelegate.swift */,
				74146E7027D10262003D567B /* SceneDelegate.swift */,
				74146E9927D14B5F003D567B /* AlertsFactory.swift */,
				74146E9727D115B8003D567B /* Flow coordinators */,
				74146E9827D11657003D567B /* Login */,
				74146E9627D115A9003D567B /* Registration */,
				74146E7427D10262003D567B /* Main.storyboard */,
				74146E7727D10266003D567B /* Assets.xcassets */,
				74146E7927D10266003D567B /* LaunchScreen.storyboard */,
				74146E7C27D10266003D567B /* Info.plist */,
			);
			path = TestCoordinators;
			sourceTree = "<group>";
		};
		74146E9627D115A9003D567B /* Registration */ = {
			isa = PBXGroup;
			children = (
				74146E8E27D114F2003D567B /* RegistrationViewController.swift */,
				74146E9027D114FF003D567B /* SmsViewController.swift */,
				74146E9227D11505003D567B /* PasswordViewController.swift */,
			);
			path = Registration;
			sourceTree = "<group>";
		};
		74146E9727D115B8003D567B /* Flow coordinators */ = {
			isa = PBXGroup;
			children = (
				74146E8227D102AC003D567B /* MainCoordinator.swift */,
				74146E8A27D10EF4003D567B /* CoordinatorDependencies.swift */,
				74146E8827D10D99003D567B /* LoginFlowCoordinator.swift */,
				74146E9427D11553003D567B /* RegistrationFlowCoordinator.swift */,
			);
			path = "Flow coordinators";
			sourceTree = "<group>";
		};
		74146E9827D11657003D567B /* Login */ = {
			isa = PBXGroup;
			children = (
				74146E7227D10262003D567B /* ViewController.swift */,
			);
			path = Login;
			sourceTree = "<group>";
		};
/* End PBXGroup section */

/* Begin PBXNativeTarget section */
		74146E6A27D10262003D567B /* TestCoordinators */ = {
			isa = PBXNativeTarget;
			buildConfigurationList = 74146E7F27D10266003D567B /* Build configuration list for PBXNativeTarget "TestCoordinators" */;
			buildPhases = (
				74146E6727D10262003D567B /* Sources */,
				74146E6827D10262003D567B /* Frameworks */,
				74146E6927D10262003D567B /* Resources */,
			);
			buildRules = (
			);
			dependencies = (
			);
			name = TestCoordinators;
			productName = TestCoordinators;
			productReference = 74146E6B27D10262003D567B /* TestCoordinators.app */;
			productType = "com.apple.product-type.application";
		};
/* End PBXNativeTarget section */

/* Begin PBXProject section */
		74146E6327D10262003D567B /* Project object */ = {
			isa = PBXProject;
			attributes = {
				BuildIndependentTargetsInParallel = 1;
				LastSwiftUpdateCheck = 1320;
				LastUpgradeCheck = 1320;
				TargetAttributes = {
					74146E6A27D10262003D567B = {
						CreatedOnToolsVersion = 13.2.1;
					};
				};
			};
			buildConfigurationList = 74146E6627D10262003D567B /* Build configuration list for PBXProject "TestCoordinators" */;
			compatibilityVersion = "Xcode 13.0";
			developmentRegion = en;
			hasScannedForEncodings = 0;
			knownRegions = (
				en,
				Base,
			);
			mainGroup = 74146E6227D10262003D567B;
			productRefGroup = 74146E6C27D10262003D567B /* Products */;
			projectDirPath = "";
			projectRoot = "";
			targets = (
				74146E6A27D10262003D567B /* TestCoordinators */,
			);
		};
/* End PBXProject section */

/* Begin PBXResourcesBuildPhase section */
		74146E6927D10262003D567B /* Resources */ = {
			isa = PBXResourcesBuildPhase;
			buildActionMask = 2147483647;
			files = (
				74146E7B27D10266003D567B /* LaunchScreen.storyboard in Resources */,
				74146E7827D10266003D567B /* Assets.xcassets in Resources */,
				74146E7627D10262003D567B /* Main.storyboard in Resources */,
			);
			runOnlyForDeploymentPostprocessing = 0;
		};
/* End PBXResourcesBuildPhase section */

/* Begin PBXSourcesBuildPhase section */
		74146E6727D10262003D567B /* Sources */ = {
			isa = PBXSourcesBuildPhase;
			buildActionMask = 2147483647;
			files = (
				74146E8927D10D99003D567B /* LoginFlowCoordinator.swift in Sources */,
				74146E9A27D14B5F003D567B /* AlertsFactory.swift in Sources */,
				74146E9327D11505003D567B /* PasswordViewController.swift in Sources */,
				74146E7327D10262003D567B /* ViewController.swift in Sources */,
				74146E8F27D114F2003D567B /* RegistrationViewController.swift in Sources */,
				74146E8B27D10EF4003D567B /* CoordinatorDependencies.swift in Sources */,
				74146E9127D114FF003D567B /* SmsViewController.swift in Sources */,
				74146E8327D102AC003D567B /* MainCoordinator.swift in Sources */,
				74146E6F27D10262003D567B /* AppDelegate.swift in Sources */,
				74146E9527D11553003D567B /* RegistrationFlowCoordinator.swift in Sources */,
				74146E7127D10262003D567B /* SceneDelegate.swift in Sources */,
			);
			runOnlyForDeploymentPostprocessing = 0;
		};
/* End PBXSourcesBuildPhase section */

/* Begin PBXVariantGroup section */
		74146E7427D10262003D567B /* Main.storyboard */ = {
			isa = PBXVariantGroup;
			children = (
				74146E7527D10262003D567B /* Base */,
			);
			name = Main.storyboard;
			sourceTree = "<group>";
		};
		74146E7927D10266003D567B /* LaunchScreen.storyboard */ = {
			isa = PBXVariantGroup;
			children = (
				74146E7A27D10266003D567B /* Base */,
			);
			name = LaunchScreen.storyboard;
			sourceTree = "<group>";
		};
/* End PBXVariantGroup section */

/* Begin XCBuildConfiguration section */
		74146E7D27D10266003D567B /* Debug */ = {
			isa = XCBuildConfiguration;
			buildSettings = {
				ALWAYS_SEARCH_USER_PATHS = NO;
				CLANG_ANALYZER_NONNULL = YES;
				CLANG_ANALYZER_NUMBER_OBJECT_CONVERSION = YES_AGGRESSIVE;
				CLANG_CXX_LANGUAGE_STANDARD = "gnu++17";
				CLANG_CXX_LIBRARY = "libc++";
				CLANG_ENABLE_MODULES = YES;
				CLANG_ENABLE_OBJC_ARC = YES;
				CLANG_ENABLE_OBJC_WEAK = YES;
				CLANG_WARN_BLOCK_CAPTURE_AUTORELEASING = YES;
				CLANG_WARN_BOOL_CONVERSION = YES;
				CLANG_WARN_COMMA = YES;
				CLANG_WARN_CONSTANT_CONVERSION = YES;
				CLANG_WARN_DEPRECATED_OBJC_IMPLEMENTATIONS = YES;
				CLANG_WARN_DIRECT_OBJC_ISA_USAGE = YES_ERROR;
				CLANG_WARN_DOCUMENTATION_COMMENTS = YES;
				CLANG_WARN_EMPTY_BODY = YES;
				CLANG_WARN_ENUM_CONVERSION = YES;
				CLANG_WARN_INFINITE_RECURSION = YES;
				CLANG_WARN_INT_CONVERSION = YES;
				CLANG_WARN_NON_LITERAL_NULL_CONVERSION = YES;
				CLANG_WARN_OBJC_IMPLICIT_RETAIN_SELF = YES;
				CLANG_WARN_OBJC_LITERAL_CONVERSION = YES;
				CLANG_WARN_OBJC_ROOT_CLASS = YES_ERROR;
				CLANG_WARN_QUOTED_INCLUDE_IN_FRAMEWORK_HEADER = YES;
				CLANG_WARN_RANGE_LOOP_ANALYSIS = YES;
				CLANG_WARN_STRICT_PROTOTYPES = YES;
				CLANG_WARN_SUSPICIOUS_MOVE = YES;
				CLANG_WARN_UNGUARDED_AVAILABILITY = YES_AGGRESSIVE;
				CLANG_WARN_UNREACHABLE_CODE = YES;
				CLANG_WARN__DUPLICATE_METHOD_MATCH = YES;
				COPY_PHASE_STRIP = NO;
				DEBUG_INFORMATION_FORMAT = dwarf;
				ENABLE_STRICT_OBJC_MSGSEND = YES;
				ENABLE_TESTABILITY = YES;
				GCC_C_LANGUAGE_STANDARD = gnu11;
				GCC_DYNAMIC_NO_PIC = NO;
				GCC_NO_COMMON_BLOCKS = YES;
				GCC_OPTIMIZATION_LEVEL = 0;
				GCC_PREPROCESSOR_DEFINITIONS = (
					"DEBUG=1",
					"$(inherited)",
				);
				GCC_WARN_64_TO_32_BIT_CONVERSION = YES;
				GCC_WARN_ABOUT_RETURN_TYPE = YES_ERROR;
				GCC_WARN_UNDECLARED_SELECTOR = YES;
				GCC_WARN_UNINITIALIZED_AUTOS = YES_AGGRESSIVE;
				GCC_WARN_UNUSED_FUNCTION = YES;
				GCC_WARN_UNUSED_VARIABLE = YES;
				IPHONEOS_DEPLOYMENT_TARGET = 15.2;
				MTL_ENABLE_DEBUG_INFO = INCLUDE_SOURCE;
				MTL_FAST_MATH = YES;
				ONLY_ACTIVE_ARCH = YES;
				SDKROOT = iphoneos;
				SWIFT_ACTIVE_COMPILATION_CONDITIONS = DEBUG;
				SWIFT_OPTIMIZATION_LEVEL = "-Onone";
			};
			name = Debug;
		};
		74146E7E27D10266003D567B /* Release */ = {
			isa = XCBuildConfiguration;
			buildSettings = {
				ALWAYS_SEARCH_USER_PATHS = NO;
				CLANG_ANALYZER_NONNULL = YES;
				CLANG_ANALYZER_NUMBER_OBJECT_CONVERSION = YES_AGGRESSIVE;
				CLANG_CXX_LANGUAGE_STANDARD = "gnu++17";
				CLANG_CXX_LIBRARY = "libc++";
				CLANG_ENABLE_MODULES = YES;
				CLANG_ENABLE_OBJC_ARC = YES;
				CLANG_ENABLE_OBJC_WEAK = YES;
				CLANG_WARN_BLOCK_CAPTURE_AUTORELEASING = YES;
				CLANG_WARN_BOOL_CONVERSION = YES;
				CLANG_WARN_COMMA = YES;
				CLANG_WARN_CONSTANT_CONVERSION = YES;
				CLANG_WARN_DEPRECATED_OBJC_IMPLEMENTATIONS = YES;
				CLANG_WARN_DIRECT_OBJC_ISA_USAGE = YES_ERROR;
				CLANG_WARN_DOCUMENTATION_COMMENTS = YES;
				CLANG_WARN_EMPTY_BODY = YES;
				CLANG_WARN_ENUM_CONVERSION = YES;
				CLANG_WARN_INFINITE_RECURSION = YES;
				CLANG_WARN_INT_CONVERSION = YES;
				CLANG_WARN_NON_LITERAL_NULL_CONVERSION = YES;
				CLANG_WARN_OBJC_IMPLICIT_RETAIN_SELF = YES;
				CLANG_WARN_OBJC_LITERAL_CONVERSION = YES;
				CLANG_WARN_OBJC_ROOT_CLASS = YES_ERROR;
				CLANG_WARN_QUOTED_INCLUDE_IN_FRAMEWORK_HEADER = YES;
				CLANG_WARN_RANGE_LOOP_ANALYSIS = YES;
				CLANG_WARN_STRICT_PROTOTYPES = YES;
				CLANG_WARN_SUSPICIOUS_MOVE = YES;
				CLANG_WARN_UNGUARDED_AVAILABILITY = YES_AGGRESSIVE;
				CLANG_WARN_UNREACHABLE_CODE = YES;
				CLANG_WARN__DUPLICATE_METHOD_MATCH = YES;
				COPY_PHASE_STRIP = NO;
				DEBUG_INFORMATION_FORMAT = "dwarf-with-dsym";
				ENABLE_NS_ASSERTIONS = NO;
				ENABLE_STRICT_OBJC_MSGSEND = YES;
				GCC_C_LANGUAGE_STANDARD = gnu11;
				GCC_NO_COMMON_BLOCKS = YES;
				GCC_WARN_64_TO_32_BIT_CONVERSION = YES;
				GCC_WARN_ABOUT_RETURN_TYPE = YES_ERROR;
				GCC_WARN_UNDECLARED_SELECTOR = YES;
				GCC_WARN_UNINITIALIZED_AUTOS = YES_AGGRESSIVE;
				GCC_WARN_UNUSED_FUNCTION = YES;
				GCC_WARN_UNUSED_VARIABLE = YES;
				IPHONEOS_DEPLOYMENT_TARGET = 15.2;
				MTL_ENABLE_DEBUG_INFO = NO;
				MTL_FAST_MATH = YES;
				SDKROOT = iphoneos;
				SWIFT_COMPILATION_MODE = wholemodule;
				SWIFT_OPTIMIZATION_LEVEL = "-O";
				VALIDATE_PRODUCT = YES;
			};
			name = Release;
		};
		74146E8027D10266003D567B /* Debug */ = {
			isa = XCBuildConfiguration;
			buildSettings = {
				ASSETCATALOG_COMPILER_APPICON_NAME = AppIcon;
				ASSETCATALOG_COMPILER_GLOBAL_ACCENT_COLOR_NAME = AccentColor;
				CODE_SIGN_STYLE = Automatic;
				CURRENT_PROJECT_VERSION = 1;
				DEVELOPMENT_TEAM = HMM6R72ZJH;
				GENERATE_INFOPLIST_FILE = YES;
				INFOPLIST_FILE = TestCoordinators/Info.plist;
				INFOPLIST_KEY_UIApplicationSupportsIndirectInputEvents = YES;
				INFOPLIST_KEY_UILaunchStoryboardName = LaunchScreen;
				INFOPLIST_KEY_UISupportedInterfaceOrientations_iPad = "UIInterfaceOrientationPortrait UIInterfaceOrientationPortraitUpsideDown UIInterfaceOrientationLandscapeLeft UIInterfaceOrientationLandscapeRight";
				INFOPLIST_KEY_UISupportedInterfaceOrientations_iPhone = "UIInterfaceOrientationPortrait UIInterfaceOrientationLandscapeLeft UIInterfaceOrientationLandscapeRight";
				LD_RUNPATH_SEARCH_PATHS = (
					"$(inherited)",
					"@executable_path/Frameworks",
				);
				MARKETING_VERSION = 1.0;
				PRODUCT_BUNDLE_IDENTIFIER = com.test.TestCoordinators;
				PRODUCT_NAME = "$(TARGET_NAME)";
				SWIFT_EMIT_LOC_STRINGS = YES;
				SWIFT_VERSION = 5.0;
				TARGETED_DEVICE_FAMILY = "1,2";
			};
			name = Debug;
		};
		74146E8127D10266003D567B /* Release */ = {
			isa = XCBuildConfiguration;
			buildSettings = {
				ASSETCATALOG_COMPILER_APPICON_NAME = AppIcon;
				ASSETCATALOG_COMPILER_GLOBAL_ACCENT_COLOR_NAME = AccentColor;
				CODE_SIGN_STYLE = Automatic;
				CURRENT_PROJECT_VERSION = 1;
				DEVELOPMENT_TEAM = HMM6R72ZJH;
				GENERATE_INFOPLIST_FILE = YES;
				INFOPLIST_FILE = TestCoordinators/Info.plist;
				INFOPLIST_KEY_UIApplicationSupportsIndirectInputEvents = YES;
				INFOPLIST_KEY_UILaunchStoryboardName = LaunchScreen;
				INFOPLIST_KEY_UISupportedInterfaceOrientations_iPad = "UIInterfaceOrientationPortrait UIInterfaceOrientationPortraitUpsideDown UIInterfaceOrientationLandscapeLeft UIInterfaceOrientationLandscapeRight";
				INFOPLIST_KEY_UISupportedInterfaceOrientations_iPhone = "UIInterfaceOrientationPortrait UIInterfaceOrientationLandscapeLeft UIInterfaceOrientationLandscapeRight";
				LD_RUNPATH_SEARCH_PATHS = (
					"$(inherited)",
					"@executable_path/Frameworks",
				);
				MARKETING_VERSION = 1.0;
				PRODUCT_BUNDLE_IDENTIFIER = com.test.TestCoordinators;
				PRODUCT_NAME = "$(TARGET_NAME)";
				SWIFT_EMIT_LOC_STRINGS = YES;
				SWIFT_VERSION = 5.0;
				TARGETED_DEVICE_FAMILY = "1,2";
			};
			name = Release;
		};
/* End XCBuildConfiguration section */

/* Begin XCConfigurationList section */
		74146E6627D10262003D567B /* Build configuration list for PBXProject "TestCoordinators" */ = {
			isa = XCConfigurationList;
			buildConfigurations = (
				74146E7D27D10266003D567B /* Debug */,
				74146E7E27D10266003D567B /* Release */,
			);
			defaultConfigurationIsVisible = 0;
			defaultConfigurationName = Release;
		};
		74146E7F27D10266003D567B /* Build configuration list for PBXNativeTarget "TestCoordinators" */ = {
			isa = XCConfigurationList;
			buildConfigurations = (
				74146E8027D10266003D567B /* Debug */,
				74146E8127D10266003D567B /* Release */,
			);
			defaultConfigurationIsVisible = 0;
			defaultConfigurationName = Release;
		};
/* End XCConfigurationList section */
	};
	rootObject = 74146E6327D10262003D567B /* Project object */;
}
